
Microsoft Visual Studio Solution File, Format Version 12.00
# Visual Studio Version 17
VisualStudioVersion = 17.14.36212.18 d17.14
MinimumVisualStudioVersion = 10.0.40219.1
Project("{FAE04EC0-301F-11D3-BF4B-00C04F79EFBC}") = "FluentAI.Examples.ConsoleApp", "FluentAI.Examples.ConsoleApp.csproj", "{A0E23AAD-8454-063C-3466-B0B38A9BF419}"
EndProject
Global
	GlobalSection(SolutionConfigurationPlatforms) = preSolution
		Debug|Any CPU = Debug|Any CPU
		Release|Any CPU = Release|Any CPU
	EndGlobalSection
	GlobalSection(ProjectConfigurationPlatforms) = postSolution
		{A0E23AAD-8454-063C-3466-B0B38A9BF419}.Debug|Any CPU.ActiveCfg = Debug|Any CPU
		{A0E23AAD-8454-063C-3466-B0B38A9BF419}.Debug|Any CPU.Build.0 = Debug|Any CPU
		{A0E23AAD-8454-063C-3466-B0B38A9BF419}.Release|Any CPU.ActiveCfg = Release|Any CPU
		{A0E23AAD-8454-063C-3466-B0B38A9BF419}.Release|Any CPU.Build.0 = Release|Any CPU
	EndGlobalSection
	GlobalSection(SolutionProperties) = preSolution
		HideSolutionNode = FALSE
	EndGlobalSection
	GlobalSection(ExtensibilityGlobals) = postSolution
		SolutionGuid = {8B036758-3A14-47F1-9FC4-A534F29D8694}
	EndGlobalSection
EndGlobal
